// !$*UTF8*$!
{
	archiveVersion = 1;
	classes = {
	};
	objectVersion = 50;
	objects = {

/* Begin PBXBuildFile section */
		D4BDDBD920A3B5B4CEFB8057 /* Pods_BreakPoint.framework in Frameworks */ = {isa = PBXBuildFile; fileRef = 60F3F6FD99EBBFD0F3DEFB55 /* Pods_BreakPoint.framework */; };
		D7BFE1E7207B493F00467F18 /* ShadowView.swift in Sources */ = {isa = PBXBuildFile; fileRef = D7BFE1E6207B493F00467F18 /* ShadowView.swift */; };
		D7BFE1E9207B509600467F18 /* AuthService.swift in Sources */ = {isa = PBXBuildFile; fileRef = D7BFE1E8207B509600467F18 /* AuthService.swift */; };
		D7BFE1EB207B515400467F18 /* Constant.swift in Sources */ = {isa = PBXBuildFile; fileRef = D7BFE1EA207B515400467F18 /* Constant.swift */; };
		D7C95613207DB7C0008BD344 /* MeVC.swift in Sources */ = {isa = PBXBuildFile; fileRef = D7C95612207DB7C0008BD344 /* MeVC.swift */; };
		D7C95615207DB87D008BD344 /* PostVC.swift in Sources */ = {isa = PBXBuildFile; fileRef = D7C95614207DB87D008BD344 /* PostVC.swift */; };
		D7C95619207DC562008BD344 /* UIViewExt.swift in Sources */ = {isa = PBXBuildFile; fileRef = D7C95618207DC562008BD344 /* UIViewExt.swift */; };
		D7C9561B207DCAA5008BD344 /* Message.swift in Sources */ = {isa = PBXBuildFile; fileRef = D7C9561A207DCAA5008BD344 /* Message.swift */; };
		D7C9561D207DCE70008BD344 /* FeedCell.swift in Sources */ = {isa = PBXBuildFile; fileRef = D7C9561C207DCE70008BD344 /* FeedCell.swift */; };
		D7E3AC35207B211400C7A4FB /* AppDelegate.swift in Sources */ = {isa = PBXBuildFile; fileRef = D7E3AC34207B211400C7A4FB /* AppDelegate.swift */; };
		D7E3AC37207B211400C7A4FB /* FeedVC.swift in Sources */ = {isa = PBXBuildFile; fileRef = D7E3AC36207B211400C7A4FB /* FeedVC.swift */; };
		D7E3AC39207B211400C7A4FB /* GroupVC.swift in Sources */ = {isa = PBXBuildFile; fileRef = D7E3AC38207B211400C7A4FB /* GroupVC.swift */; };
		D7E3AC3C207B211400C7A4FB /* Main.storyboard in Resources */ = {isa = PBXBuildFile; fileRef = D7E3AC3A207B211400C7A4FB /* Main.storyboard */; };
		D7E3AC3E207B211700C7A4FB /* Assets.xcassets in Resources */ = {isa = PBXBuildFile; fileRef = D7E3AC3D207B211700C7A4FB /* Assets.xcassets */; };
		D7E3AC41207B211700C7A4FB /* LaunchScreen.storyboard in Resources */ = {isa = PBXBuildFile; fileRef = D7E3AC3F207B211700C7A4FB /* LaunchScreen.storyboard */; };
		D7E3AC4F207B23D500C7A4FB /* GoogleService-Info.plist in Resources */ = {isa = PBXBuildFile; fileRef = D7E3AC4E207B23D500C7A4FB /* GoogleService-Info.plist */; };
		D7E3AC51207B270400C7A4FB /* DataService.swift in Sources */ = {isa = PBXBuildFile; fileRef = D7E3AC50207B270400C7A4FB /* DataService.swift */; };
		D7E3AC53207B40F000C7A4FB /* AuthVC.swift in Sources */ = {isa = PBXBuildFile; fileRef = D7E3AC52207B40F000C7A4FB /* AuthVC.swift */; };
		D7E3AC55207B410600C7A4FB /* LoginVC.swift in Sources */ = {isa = PBXBuildFile; fileRef = D7E3AC54207B410500C7A4FB /* LoginVC.swift */; };
		D7E3AC57207B41CF00C7A4FB /* insetTextField.swift in Sources */ = {isa = PBXBuildFile; fileRef = D7E3AC56207B41CF00C7A4FB /* insetTextField.swift */; };
/* End PBXBuildFile section */

/* Begin PBXFileReference section */
		60F3F6FD99EBBFD0F3DEFB55 /* Pods_BreakPoint.framework */ = {isa = PBXFileReference; explicitFileType = wrapper.framework; includeInIndex = 0; path = Pods_BreakPoint.framework; sourceTree = BUILT_PRODUCTS_DIR; };
		63DB84D500C20E072DF0AC46 /* Pods-BreakPoint.debug.xcconfig */ = {isa = PBXFileReference; includeInIndex = 1; lastKnownFileType = text.xcconfig; name = "Pods-BreakPoint.debug.xcconfig"; path = "Pods/Target Support Files/Pods-BreakPoint/Pods-BreakPoint.debug.xcconfig"; sourceTree = "<group>"; };
		D7BFE1E6207B493F00467F18 /* ShadowView.swift */ = {isa = PBXFileReference; lastKnownFileType = sourcecode.swift; path = ShadowView.swift; sourceTree = "<group>"; };
		D7BFE1E8207B509600467F18 /* AuthService.swift */ = {isa = PBXFileReference; lastKnownFileType = sourcecode.swift; path = AuthService.swift; sourceTree = "<group>"; };
		D7BFE1EA207B515400467F18 /* Constant.swift */ = {isa = PBXFileReference; lastKnownFileType = sourcecode.swift; path = Constant.swift; sourceTree = "<group>"; };
		D7C95612207DB7C0008BD344 /* MeVC.swift */ = {isa = PBXFileReference; lastKnownFileType = sourcecode.swift; path = MeVC.swift; sourceTree = "<group>"; };
		D7C95614207DB87D008BD344 /* PostVC.swift */ = {isa = PBXFileReference; lastKnownFileType = sourcecode.swift; path = PostVC.swift; sourceTree = "<group>"; };
		D7C95618207DC562008BD344 /* UIViewExt.swift */ = {isa = PBXFileReference; fileEncoding = 4; lastKnownFileType = sourcecode.swift; path = UIViewExt.swift; sourceTree = "<group>"; };
		D7C9561A207DCAA5008BD344 /* Message.swift */ = {isa = PBXFileReference; lastKnownFileType = sourcecode.swift; path = Message.swift; sourceTree = "<group>"; };
		D7C9561C207DCE70008BD344 /* FeedCell.swift */ = {isa = PBXFileReference; lastKnownFileType = sourcecode.swift; path = FeedCell.swift; sourceTree = "<group>"; };
		D7E3AC31207B211400C7A4FB /* BreakPoint.app */ = {isa = PBXFileReference; explicitFileType = wrapper.application; includeInIndex = 0; path = BreakPoint.app; sourceTree = BUILT_PRODUCTS_DIR; };
		D7E3AC34207B211400C7A4FB /* AppDelegate.swift */ = {isa = PBXFileReference; lastKnownFileType = sourcecode.swift; path = AppDelegate.swift; sourceTree = "<group>"; };
		D7E3AC36207B211400C7A4FB /* FeedVC.swift */ = {isa = PBXFileReference; lastKnownFileType = sourcecode.swift; path = FeedVC.swift; sourceTree = "<group>"; };
		D7E3AC38207B211400C7A4FB /* GroupVC.swift */ = {isa = PBXFileReference; lastKnownFileType = sourcecode.swift; path = GroupVC.swift; sourceTree = "<group>"; };
		D7E3AC3B207B211400C7A4FB /* Base */ = {isa = PBXFileReference; lastKnownFileType = file.storyboard; name = Base; path = Base.lproj/Main.storyboard; sourceTree = "<group>"; };
		D7E3AC3D207B211700C7A4FB /* Assets.xcassets */ = {isa = PBXFileReference; lastKnownFileType = folder.assetcatalog; path = Assets.xcassets; sourceTree = "<group>"; };
		D7E3AC40207B211700C7A4FB /* Base */ = {isa = PBXFileReference; lastKnownFileType = file.storyboard; name = Base; path = Base.lproj/LaunchScreen.storyboard; sourceTree = "<group>"; };
		D7E3AC42207B211700C7A4FB /* Info.plist */ = {isa = PBXFileReference; lastKnownFileType = text.plist.xml; path = Info.plist; sourceTree = "<group>"; };
		D7E3AC4E207B23D500C7A4FB /* GoogleService-Info.plist */ = {isa = PBXFileReference; fileEncoding = 4; lastKnownFileType = text.plist.xml; path = "GoogleService-Info.plist"; sourceTree = "<group>"; };
		D7E3AC50207B270400C7A4FB /* DataService.swift */ = {isa = PBXFileReference; lastKnownFileType = sourcecode.swift; path = DataService.swift; sourceTree = "<group>"; };
		D7E3AC52207B40F000C7A4FB /* AuthVC.swift */ = {isa = PBXFileReference; lastKnownFileType = sourcecode.swift; path = AuthVC.swift; sourceTree = "<group>"; };
		D7E3AC54207B410500C7A4FB /* LoginVC.swift */ = {isa = PBXFileReference; lastKnownFileType = sourcecode.swift; path = LoginVC.swift; sourceTree = "<group>"; };
		D7E3AC56207B41CF00C7A4FB /* insetTextField.swift */ = {isa = PBXFileReference; lastKnownFileType = sourcecode.swift; path = insetTextField.swift; sourceTree = "<group>"; };
		FC827E60E018F436EECCF3CC /* Pods-BreakPoint.release.xcconfig */ = {isa = PBXFileReference; includeInIndex = 1; lastKnownFileType = text.xcconfig; name = "Pods-BreakPoint.release.xcconfig"; path = "Pods/Target Support Files/Pods-BreakPoint/Pods-BreakPoint.release.xcconfig"; sourceTree = "<group>"; };
/* End PBXFileReference section */

/* Begin PBXFrameworksBuildPhase section */
		D7E3AC2E207B211400C7A4FB /* Frameworks */ = {
			isa = PBXFrameworksBuildPhase;
			buildActionMask = 2147483647;
			files = (
				D4BDDBD920A3B5B4CEFB8057 /* Pods_BreakPoint.framework in Frameworks */,
			);
			runOnlyForDeploymentPostprocessing = 0;
		};
/* End PBXFrameworksBuildPhase section */

/* Begin PBXGroup section */
		235845B2C93CD14B3AACF65D /* Pods */ = {
			isa = PBXGroup;
			children = (
				63DB84D500C20E072DF0AC46 /* Pods-BreakPoint.debug.xcconfig */,
				FC827E60E018F436EECCF3CC /* Pods-BreakPoint.release.xcconfig */,
			);
			name = Pods;
			sourceTree = "<group>";
		};
		53DD63E1C30F36BC78B95EF1 /* Frameworks */ = {
			isa = PBXGroup;
			children = (
				60F3F6FD99EBBFD0F3DEFB55 /* Pods_BreakPoint.framework */,
			);
			name = Frameworks;
			sourceTree = "<group>";
		};
		D7E3AC28207B211400C7A4FB = {
			isa = PBXGroup;
			children = (
				D7E3AC33207B211400C7A4FB /* BreakPoint */,
				D7E3AC32207B211400C7A4FB /* Products */,
				235845B2C93CD14B3AACF65D /* Pods */,
				53DD63E1C30F36BC78B95EF1 /* Frameworks */,
			);
			sourceTree = "<group>";
		};
		D7E3AC32207B211400C7A4FB /* Products */ = {
			isa = PBXGroup;
			children = (
				D7E3AC31207B211400C7A4FB /* BreakPoint.app */,
			);
			name = Products;
			sourceTree = "<group>";
		};
		D7E3AC33207B211400C7A4FB /* BreakPoint */ = {
			isa = PBXGroup;
			children = (
				D7E3AC34207B211400C7A4FB /* AppDelegate.swift */,
				D7E3AC3A207B211400C7A4FB /* Main.storyboard */,
				D7E3AC4A207B219900C7A4FB /* View Controller */,
				D7E3AC49207B218000C7A4FB /* View */,
				D7E3AC48207B217400C7A4FB /* Model */,
				D7E3AC4D207B21D100C7A4FB /* Services */,
				D7E3AC4C207B21B200C7A4FB /* UItilites */,
				D7E3AC4B207B21AA00C7A4FB /* Extension */,
				D7E3AC3D207B211700C7A4FB /* Assets.xcassets */,
				D7E3AC3F207B211700C7A4FB /* LaunchScreen.storyboard */,
				D7E3AC42207B211700C7A4FB /* Info.plist */,
				D7E3AC4E207B23D500C7A4FB /* GoogleService-Info.plist */,
			);
			path = BreakPoint;
			sourceTree = "<group>";
		};
		D7E3AC48207B217400C7A4FB /* Model */ = {
			isa = PBXGroup;
			children = (
				D7C9561A207DCAA5008BD344 /* Message.swift */,
			);
			path = Model;
			sourceTree = "<group>";
		};
		D7E3AC49207B218000C7A4FB /* View */ = {
			isa = PBXGroup;
			children = (
				D7E3AC56207B41CF00C7A4FB /* insetTextField.swift */,
				D7BFE1E6207B493F00467F18 /* ShadowView.swift */,
				D7C9561C207DCE70008BD344 /* FeedCell.swift */,
			);
			path = View;
			sourceTree = "<group>";
		};
		D7E3AC4A207B219900C7A4FB /* View Controller */ = {
			isa = PBXGroup;
			children = (
				D7E3AC36207B211400C7A4FB /* FeedVC.swift */,
				D7E3AC38207B211400C7A4FB /* GroupVC.swift */,
				D7E3AC52207B40F000C7A4FB /* AuthVC.swift */,
				D7E3AC54207B410500C7A4FB /* LoginVC.swift */,
				D7C95612207DB7C0008BD344 /* MeVC.swift */,
				D7C95614207DB87D008BD344 /* PostVC.swift */,
			);
			path = "View Controller";
			sourceTree = "<group>";
		};
		D7E3AC4B207B21AA00C7A4FB /* Extension */ = {
			isa = PBXGroup;
			children = (
				D7C95618207DC562008BD344 /* UIViewExt.swift */,
			);
			path = Extension;
			sourceTree = "<group>";
		};
		D7E3AC4C207B21B200C7A4FB /* UItilites */ = {
			isa = PBXGroup;
			children = (
				D7BFE1EA207B515400467F18 /* Constant.swift */,
			);
			path = UItilites;
			sourceTree = "<group>";
		};
		D7E3AC4D207B21D100C7A4FB /* Services */ = {
			isa = PBXGroup;
			children = (
				D7E3AC50207B270400C7A4FB /* DataService.swift */,
				D7BFE1E8207B509600467F18 /* AuthService.swift */,
			);
			path = Services;
			sourceTree = "<group>";
		};
/* End PBXGroup section */

/* Begin PBXNativeTarget section */
		D7E3AC30207B211400C7A4FB /* BreakPoint */ = {
			isa = PBXNativeTarget;
			buildConfigurationList = D7E3AC45207B211700C7A4FB /* Build configuration list for PBXNativeTarget "BreakPoint" */;
			buildPhases = (
				55717CF442C78C50CC9DAF4B /* [CP] Check Pods Manifest.lock */,
				D7E3AC2D207B211400C7A4FB /* Sources */,
				D7E3AC2E207B211400C7A4FB /* Frameworks */,
				D7E3AC2F207B211400C7A4FB /* Resources */,
				62098EDAB9DF66EB75888369 /* [CP] Embed Pods Frameworks */,
				81C5859A6137655A45E9B269 /* [CP] Copy Pods Resources */,
			);
			buildRules = (
			);
			dependencies = (
			);
			name = BreakPoint;
			productName = BreakPoint;
			productReference = D7E3AC31207B211400C7A4FB /* BreakPoint.app */;
			productType = "com.apple.product-type.application";
		};
/* End PBXNativeTarget section */

/* Begin PBXProject section */
		D7E3AC29207B211400C7A4FB /* Project object */ = {
			isa = PBXProject;
			attributes = {
				LastSwiftUpdateCheck = 0930;
				LastUpgradeCheck = 0930;
				ORGANIZATIONNAME = "Dũng Võ";
				TargetAttributes = {
					D7E3AC30207B211400C7A4FB = {
						CreatedOnToolsVersion = 9.3;
					};
				};
			};
			buildConfigurationList = D7E3AC2C207B211400C7A4FB /* Build configuration list for PBXProject "BreakPoint" */;
			compatibilityVersion = "Xcode 9.3";
			developmentRegion = en;
			hasScannedForEncodings = 0;
			knownRegions = (
				en,
				Base,
			);
			mainGroup = D7E3AC28207B211400C7A4FB;
			productRefGroup = D7E3AC32207B211400C7A4FB /* Products */;
			projectDirPath = "";
			projectRoot = "";
			targets = (
				D7E3AC30207B211400C7A4FB /* BreakPoint */,
			);
		};
/* End PBXProject section */

/* Begin PBXResourcesBuildPhase section */
		D7E3AC2F207B211400C7A4FB /* Resources */ = {
			isa = PBXResourcesBuildPhase;
			buildActionMask = 2147483647;
			files = (
				D7E3AC41207B211700C7A4FB /* LaunchScreen.storyboard in Resources */,
				D7E3AC4F207B23D500C7A4FB /* GoogleService-Info.plist in Resources */,
				D7E3AC3E207B211700C7A4FB /* Assets.xcassets in Resources */,
				D7E3AC3C207B211400C7A4FB /* Main.storyboard in Resources */,
			);
			runOnlyForDeploymentPostprocessing = 0;
		};
/* End PBXResourcesBuildPhase section */

/* Begin PBXShellScriptBuildPhase section */
		55717CF442C78C50CC9DAF4B /* [CP] Check Pods Manifest.lock */ = {
			isa = PBXShellScriptBuildPhase;
			buildActionMask = 2147483647;
			files = (
			);
			inputPaths = (
				"${PODS_PODFILE_DIR_PATH}/Podfile.lock",
				"${PODS_ROOT}/Manifest.lock",
			);
			name = "[CP] Check Pods Manifest.lock";
			outputPaths = (
				"$(DERIVED_FILE_DIR)/Pods-BreakPoint-checkManifestLockResult.txt",
			);
			runOnlyForDeploymentPostprocessing = 0;
			shellPath = /bin/sh;
			shellScript = "diff \"${PODS_PODFILE_DIR_PATH}/Podfile.lock\" \"${PODS_ROOT}/Manifest.lock\" > /dev/null\nif [ $? != 0 ] ; then\n    # print error to STDERR\n    echo \"error: The sandbox is not in sync with the Podfile.lock. Run 'pod install' or update your CocoaPods installation.\" >&2\n    exit 1\nfi\n# This output is used by Xcode 'outputs' to avoid re-running this script phase.\necho \"SUCCESS\" > \"${SCRIPT_OUTPUT_FILE_0}\"\n";
			showEnvVarsInLog = 0;
		};
		62098EDAB9DF66EB75888369 /* [CP] Embed Pods Frameworks */ = {
			isa = PBXShellScriptBuildPhase;
			buildActionMask = 2147483647;
			files = (
			);
			inputPaths = (
				"${SRCROOT}/Pods/Target Support Files/Pods-BreakPoint/Pods-BreakPoint-frameworks.sh",
				"${BUILT_PRODUCTS_DIR}/GTMSessionFetcher/GTMSessionFetcher.framework",
				"${BUILT_PRODUCTS_DIR}/GoogleToolboxForMac/GoogleToolboxForMac.framework",
				"${BUILT_PRODUCTS_DIR}/leveldb-library/leveldb.framework",
				"${BUILT_PRODUCTS_DIR}/nanopb/nanopb.framework",
			);
			name = "[CP] Embed Pods Frameworks";
			outputPaths = (
				"${TARGET_BUILD_DIR}/${FRAMEWORKS_FOLDER_PATH}/GTMSessionFetcher.framework",
				"${TARGET_BUILD_DIR}/${FRAMEWORKS_FOLDER_PATH}/GoogleToolboxForMac.framework",
				"${TARGET_BUILD_DIR}/${FRAMEWORKS_FOLDER_PATH}/leveldb.framework",
				"${TARGET_BUILD_DIR}/${FRAMEWORKS_FOLDER_PATH}/nanopb.framework",
			);
			runOnlyForDeploymentPostprocessing = 0;
			shellPath = /bin/sh;
			shellScript = "\"${SRCROOT}/Pods/Target Support Files/Pods-BreakPoint/Pods-BreakPoint-frameworks.sh\"\n";
			showEnvVarsInLog = 0;
		};
		81C5859A6137655A45E9B269 /* [CP] Copy Pods Resources */ = {
			isa = PBXShellScriptBuildPhase;
			buildActionMask = 2147483647;
			files = (
			);
			inputPaths = (
			);
			name = "[CP] Copy Pods Resources";
			outputPaths = (
			);
			runOnlyForDeploymentPostprocessing = 0;
			shellPath = /bin/sh;
			shellScript = "\"${SRCROOT}/Pods/Target Support Files/Pods-BreakPoint/Pods-BreakPoint-resources.sh\"\n";
			showEnvVarsInLog = 0;
		};
/* End PBXShellScriptBuildPhase section */

/* Begin PBXSourcesBuildPhase section */
		D7E3AC2D207B211400C7A4FB /* Sources */ = {
			isa = PBXSourcesBuildPhase;
			buildActionMask = 2147483647;
			files = (
				D7C95619207DC562008BD344 /* UIViewExt.swift in Sources */,
				D7E3AC53207B40F000C7A4FB /* AuthVC.swift in Sources */,
				D7E3AC57207B41CF00C7A4FB /* insetTextField.swift in Sources */,
				D7E3AC39207B211400C7A4FB /* GroupVC.swift in Sources */,
				D7BFE1E9207B509600467F18 /* AuthService.swift in Sources */,
				D7E3AC55207B410600C7A4FB /* LoginVC.swift in Sources */,
				D7BFE1E7207B493F00467F18 /* ShadowView.swift in Sources */,
				D7C95615207DB87D008BD344 /* PostVC.swift in Sources */,
				D7E3AC35207B211400C7A4FB /* AppDelegate.swift in Sources */,
				D7C95613207DB7C0008BD344 /* MeVC.swift in Sources */,
				D7BFE1EB207B515400467F18 /* Constant.swift in Sources */,
				D7C9561D207DCE70008BD344 /* FeedCell.swift in Sources */,
				D7E3AC37207B211400C7A4FB /* FeedVC.swift in Sources */,
				D7E3AC51207B270400C7A4FB /* DataService.swift in Sources */,
				D7C9561B207DCAA5008BD344 /* Message.swift in Sources */,
			);
			runOnlyForDeploymentPostprocessing = 0;
		};
/* End PBXSourcesBuildPhase section */

/* Begin PBXVariantGroup section */
		D7E3AC3A207B211400C7A4FB /* Main.storyboard */ = {
			isa = PBXVariantGroup;
			children = (
				D7E3AC3B207B211400C7A4FB /* Base */,
			);
			name = Main.storyboard;
			sourceTree = "<group>";
		};
		D7E3AC3F207B211700C7A4FB /* LaunchScreen.storyboard */ = {
			isa = PBXVariantGroup;
			children = (
				D7E3AC40207B211700C7A4FB /* Base */,
			);
			name = LaunchScreen.storyboard;
			sourceTree = "<group>";
		};
/* End PBXVariantGroup section */

/* Begin XCBuildConfiguration section */
		D7E3AC43207B211700C7A4FB /* Debug */ = {
			isa = XCBuildConfiguration;
			buildSettings = {
				ALWAYS_SEARCH_USER_PATHS = NO;
				CLANG_ANALYZER_NONNULL = YES;
				CLANG_ANALYZER_NUMBER_OBJECT_CONVERSION = YES_AGGRESSIVE;
				CLANG_CXX_LANGUAGE_STANDARD = "gnu++14";
				CLANG_CXX_LIBRARY = "libc++";
				CLANG_ENABLE_MODULES = YES;
				CLANG_ENABLE_OBJC_ARC = YES;
				CLANG_ENABLE_OBJC_WEAK = YES;
				CLANG_WARN_BLOCK_CAPTURE_AUTORELEASING = YES;
				CLANG_WARN_BOOL_CONVERSION = YES;
				CLANG_WARN_COMMA = YES;
				CLANG_WARN_CONSTANT_CONVERSION = YES;
				CLANG_WARN_DEPRECATED_OBJC_IMPLEMENTATIONS = YES;
				CLANG_WARN_DIRECT_OBJC_ISA_USAGE = YES_ERROR;
				CLANG_WARN_DOCUMENTATION_COMMENTS = YES;
				CLANG_WARN_EMPTY_BODY = YES;
				CLANG_WARN_ENUM_CONVERSION = YES;
				CLANG_WARN_INFINITE_RECURSION = YES;
				CLANG_WARN_INT_CONVERSION = YES;
				CLANG_WARN_NON_LITERAL_NULL_CONVERSION = YES;
				CLANG_WARN_OBJC_IMPLICIT_RETAIN_SELF = YES;
				CLANG_WARN_OBJC_LITERAL_CONVERSION = YES;
				CLANG_WARN_OBJC_ROOT_CLASS = YES_ERROR;
				CLANG_WARN_RANGE_LOOP_ANALYSIS = YES;
				CLANG_WARN_STRICT_PROTOTYPES = YES;
				CLANG_WARN_SUSPICIOUS_MOVE = YES;
				CLANG_WARN_UNGUARDED_AVAILABILITY = YES_AGGRESSIVE;
				CLANG_WARN_UNREACHABLE_CODE = YES;
				CLANG_WARN__DUPLICATE_METHOD_MATCH = YES;
				CODE_SIGN_IDENTITY = "iPhone Developer";
				COPY_PHASE_STRIP = NO;
				DEBUG_INFORMATION_FORMAT = dwarf;
				ENABLE_STRICT_OBJC_MSGSEND = YES;
				ENABLE_TESTABILITY = YES;
				GCC_C_LANGUAGE_STANDARD = gnu11;
				GCC_DYNAMIC_NO_PIC = NO;
				GCC_NO_COMMON_BLOCKS = YES;
				GCC_OPTIMIZATION_LEVEL = 0;
				GCC_PREPROCESSOR_DEFINITIONS = (
					"DEBUG=1",
					"$(inherited)",
				);
				GCC_WARN_64_TO_32_BIT_CONVERSION = YES;
				GCC_WARN_ABOUT_RETURN_TYPE = YES_ERROR;
				GCC_WARN_UNDECLARED_SELECTOR = YES;
				GCC_WARN_UNINITIALIZED_AUTOS = YES_AGGRESSIVE;
				GCC_WARN_UNUSED_FUNCTION = YES;
				GCC_WARN_UNUSED_VARIABLE = YES;
				IPHONEOS_DEPLOYMENT_TARGET = 11.3;
				MTL_ENABLE_DEBUG_INFO = YES;
				ONLY_ACTIVE_ARCH = YES;
				SDKROOT = iphoneos;
				SWIFT_ACTIVE_COMPILATION_CONDITIONS = DEBUG;
				SWIFT_OPTIMIZATION_LEVEL = "-Onone";
			};
			name = Debug;
		};
		D7E3AC44207B211700C7A4FB /* Release */ = {
			isa = XCBuildConfiguration;
			buildSettings = {
				ALWAYS_SEARCH_USER_PATHS = NO;
				CLANG_ANALYZER_NONNULL = YES;
				CLANG_ANALYZER_NUMBER_OBJECT_CONVERSION = YES_AGGRESSIVE;
				CLANG_CXX_LANGUAGE_STANDARD = "gnu++14";
				CLANG_CXX_LIBRARY = "libc++";
				CLANG_ENABLE_MODULES = YES;
				CLANG_ENABLE_OBJC_ARC = YES;
				CLANG_ENABLE_OBJC_WEAK = YES;
				CLANG_WARN_BLOCK_CAPTURE_AUTORELEASING = YES;
				CLANG_WARN_BOOL_CONVERSION = YES;
				CLANG_WARN_COMMA = YES;
				CLANG_WARN_CONSTANT_CONVERSION = YES;
				CLANG_WARN_DEPRECATED_OBJC_IMPLEMENTATIONS = YES;
				CLANG_WARN_DIRECT_OBJC_ISA_USAGE = YES_ERROR;
				CLANG_WARN_DOCUMENTATION_COMMENTS = YES;
				CLANG_WARN_EMPTY_BODY = YES;
				CLANG_WARN_ENUM_CONVERSION = YES;
				CLANG_WARN_INFINITE_RECURSION = YES;
				CLANG_WARN_INT_CONVERSION = YES;
				CLANG_WARN_NON_LITERAL_NULL_CONVERSION = YES;
				CLANG_WARN_OBJC_IMPLICIT_RETAIN_SELF = YES;
				CLANG_WARN_OBJC_LITERAL_CONVERSION = YES;
				CLANG_WARN_OBJC_ROOT_CLASS = YES_ERROR;
				CLANG_WARN_RANGE_LOOP_ANALYSIS = YES;
				CLANG_WARN_STRICT_PROTOTYPES = YES;
				CLANG_WARN_SUSPICIOUS_MOVE = YES;
				CLANG_WARN_UNGUARDED_AVAILABILITY = YES_AGGRESSIVE;
				CLANG_WARN_UNREACHABLE_CODE = YES;
				CLANG_WARN__DUPLICATE_METHOD_MATCH = YES;
				CODE_SIGN_IDENTITY = "iPhone Developer";
				COPY_PHASE_STRIP = NO;
				DEBUG_INFORMATION_FORMAT = "dwarf-with-dsym";
				ENABLE_NS_ASSERTIONS = NO;
				ENABLE_STRICT_OBJC_MSGSEND = YES;
				GCC_C_LANGUAGE_STANDARD = gnu11;
				GCC_NO_COMMON_BLOCKS = YES;
				GCC_WARN_64_TO_32_BIT_CONVERSION = YES;
				GCC_WARN_ABOUT_RETURN_TYPE = YES_ERROR;
				GCC_WARN_UNDECLARED_SELECTOR = YES;
				GCC_WARN_UNINITIALIZED_AUTOS = YES_AGGRESSIVE;
				GCC_WARN_UNUSED_FUNCTION = YES;
				GCC_WARN_UNUSED_VARIABLE = YES;
				IPHONEOS_DEPLOYMENT_TARGET = 11.3;
				MTL_ENABLE_DEBUG_INFO = NO;
				SDKROOT = iphoneos;
				SWIFT_COMPILATION_MODE = wholemodule;
				SWIFT_OPTIMIZATION_LEVEL = "-O";
				VALIDATE_PRODUCT = YES;
			};
			name = Release;
		};
		D7E3AC46207B211700C7A4FB /* Debug */ = {
			isa = XCBuildConfiguration;
			baseConfigurationReference = 63DB84D500C20E072DF0AC46 /* Pods-BreakPoint.debug.xcconfig */;
			buildSettings = {
				ASSETCATALOG_COMPILER_APPICON_NAME = AppIcon;
				CODE_SIGN_STYLE = Automatic;
				DEVELOPMENT_TEAM = X4RZK7Z7VB;
				INFOPLIST_FILE = BreakPoint/Info.plist;
				LD_RUNPATH_SEARCH_PATHS = (
					"$(inherited)",
					"@executable_path/Frameworks",
				);
				PRODUCT_BUNDLE_IDENTIFIER = com.pos.BreakPoint;
				PRODUCT_NAME = "$(TARGET_NAME)";
				SWIFT_VERSION = 4.0;
				TARGETED_DEVICE_FAMILY = "1,2";
			};
			name = Debug;
		};
		D7E3AC47207B211700C7A4FB /* Release */ = {
			isa = XCBuildConfiguration;
			baseConfigurationReference = FC827E60E018F436EECCF3CC /* Pods-BreakPoint.release.xcconfig */;
			buildSettings = {
				ASSETCATALOG_COMPILER_APPICON_NAME = AppIcon;
				CODE_SIGN_STYLE = Automatic;
				DEVELOPMENT_TEAM = X4RZK7Z7VB;
				INFOPLIST_FILE = BreakPoint/Info.plist;
				LD_RUNPATH_SEARCH_PATHS = (
					"$(inherited)",
					"@executable_path/Frameworks",
				);
				PRODUCT_BUNDLE_IDENTIFIER = com.pos.BreakPoint;
				PRODUCT_NAME = "$(TARGET_NAME)";
				SWIFT_VERSION = 4.0;
				TARGETED_DEVICE_FAMILY = "1,2";
			};
			name = Release;
		};
/* End XCBuildConfiguration section */

/* Begin XCConfigurationList section */
		D7E3AC2C207B211400C7A4FB /* Build configuration list for PBXProject "BreakPoint" */ = {
			isa = XCConfigurationList;
			buildConfigurations = (
				D7E3AC43207B211700C7A4FB /* Debug */,
				D7E3AC44207B211700C7A4FB /* Release */,
			);
			defaultConfigurationIsVisible = 0;
			defaultConfigurationName = Release;
		};
		D7E3AC45207B211700C7A4FB /* Build configuration list for PBXNativeTarget "BreakPoint" */ = {
			isa = XCConfigurationList;
			buildConfigurations = (
				D7E3AC46207B211700C7A4FB /* Debug */,
				D7E3AC47207B211700C7A4FB /* Release */,
			);
			defaultConfigurationIsVisible = 0;
			defaultConfigurationName = Release;
		};
/* End XCConfigurationList section */
	};
	rootObject = D7E3AC29207B211400C7A4FB /* Project object */;
}
